Microsoft Visual Studio Solution File, Format Version 12.00
# Visual Studio Version 17
VisualStudioVersion = 17.5.2.0
MinimumVisualStudioVersion = 10.0.40219.1
Project("{FAE04EC0-301F-11D3-BF4B-00C04F79EFBC}") = "SetupTool", "SetupTool.csproj", "{ADE2B24B-E8FA-FE1A-E1FB-0870F2466D64}"
EndProject
Global
	GlobalSection(SolutionConfigurationPlatforms) = preSolution
		Debug|Any CPU = Debug|Any CPU
		Release|Any CPU = Release|Any CPU
	EndGlobalSection
	GlobalSection(ProjectConfigurationPlatforms) = postSolution
		{ADE2B24B-E8FA-FE1A-E1FB-0870F2466D64}.Debug|Any CPU.ActiveCfg = Debug|Any CPU
		{ADE2B24B-E8FA-FE1A-E1FB-0870F2466D64}.Debug|Any CPU.Build.0 = Debug|Any CPU
		{ADE2B24B-E8FA-FE1A-E1FB-0870F2466D64}.Release|Any CPU.ActiveCfg = Release|Any CPU
		{ADE2B24B-E8FA-FE1A-E1FB-0870F2466D64}.Release|Any CPU.Build.0 = Release|Any CPU
	EndGlobalSection
	GlobalSection(SolutionProperties) = preSolution
		HideSolutionNode = FALSE
	EndGlobalSection
	GlobalSection(ExtensibilityGlobals) = postSolution
		SolutionGuid = {39C1886C-A77C-4E15-AB29-E03D99D210B9}
	EndGlobalSection
EndGlobal
